{
  "version": 4,
  "terraform_version": "0.12.25",
  "serial": 1,
  "lineage": "5e630c64-469a-ce08-f7cc-f0b36a53a429",
  "outputs": {},
  "resources": [
    {
      "mode": "managed",
      "type": "aws_s3_bucket",
      "name": "example",
      "provider": "provider.aws",
      "instances": [
        {
          "schema_version": 0,
          "attributes": {
            "acceleration_status": "",
            "acl": "public",
            "arn": "arn:aws:s3:::venkat-test2",
            "bucket": "venkat-test2",
            "bucket_domain_name": "venkat-test2.s3.amazonaws.com",
            "bucket_prefix": null,
            "bucket_regional_domain_name": "venkat-test2.s3.amazonaws.com",
            "cors_rule": [],
            "force_destroy": false,
            "grant": [],
            "hosted_zone_id": "Z3AQBSTGFYJSTF",
            "id": "venkat-test2",
            "lifecycle_rule": [],
            "logging": [],
            "object_lock_configuration": [],
            "policy": null,
            "region": "us-east-1",
            "replication_configuration": [],
            "request_payer": "",
            "server_side_encryption_configuration": [],
            "tags": null,
            "versioning": [
              {
                "enabled": false,
                "mfa_delete": false
              }
            ],
            "website": [],
            "website_domain": null,
            "website_endpoint": null
          },
          "private": "bnVsbA=="
        }
      ]
    },
    {
      "module": "module.website_s3_bucket",
      "mode": "managed",
      "type": "aws_s3_bucket",
      "name": "s3_bucket",
      "provider": "provider.aws",
      "instances": [
        {
          "status": "tainted",
          "schema_version": 0,
          "attributes": {
            "acceleration_status": null,
            "acl": "public-read",
            "arn": null,
            "bucket": "venkat-example-2020-05-17",
            "bucket_domain_name": null,
            "bucket_prefix": null,
            "bucket_regional_domain_name": null,
            "cors_rule": [],
            "force_destroy": false,
            "grant": [],
            "hosted_zone_id": null,
            "id": "venkat-example-2020-05-17",
            "lifecycle_rule": [],
            "logging": [],
            "object_lock_configuration": [],
            "policy": "{\n    \"Version\": \"2012-10-17\",\n    \"Statement\": [\n        {\n            \"Sid\": \"PublicReadGetObject\",\n            \"Effect\": \"Allow\",\n            \"Principal\": \"*\",\n            \"Action\": [\n                \"s3:GetObject\"\n            ],\n            \"Resource\": [\n                \"arn:aws:s3:::venkat-example-2020-05-17/*\"\n            ]\n        }\n    ]\n}\n",
            "region": null,
            "replication_configuration": [],
            "request_payer": null,
            "server_side_encryption_configuration": [],
            "tags": {
              "Environment": "dev",
              "Terraform": "true"
            },
            "versioning": null,
            "website": [
              {
                "error_document": "error.html",
                "index_document": "index.html",
                "redirect_all_requests_to": "",
                "routing_rules": ""
              }
            ],
            "website_domain": null,
            "website_endpoint": null
          },
          "private": "bnVsbA=="
        }
      ]
    }
  ]
}
